
Microsoft Visual Studio Solution File, Format Version 12.00
Project("{FAE04EC0-301F-11D3-BF4B-00C04F79EFBC}") = "Api", "Api\Api.csproj", "{C29FD02B-BE42-464A-BA15-0ACB2FEC5FC2}"
EndProject
Project("{FAE04EC0-301F-11D3-BF4B-00C04F79EFBC}") = "DataRetriever", "DataRetriever\DataRetriever.csproj", "{632C6953-9588-4371-9EDE-80BBCD728F13}"
EndProject
Project("{FAE04EC0-301F-11D3-BF4B-00C04F79EFBC}") = "XmlParser", "XmlParser\XmlParser.csproj", "{6FE1F4F6-9944-4820-9EDA-4DF307AC9E46}"
EndProject
Project("{FAE04EC0-301F-11D3-BF4B-00C04F79EFBC}") = "DataAccess", "DataAccess\DataAccess.csproj", "{9FB1FC7E-E7C4-4D72-B4DB-58FA1CB94E18}"
EndProject
Global
	GlobalSection(SolutionConfigurationPlatforms) = preSolution
		Debug|Any CPU = Debug|Any CPU
		Release|Any CPU = Release|Any CPU
	EndGlobalSection
	GlobalSection(ProjectConfigurationPlatforms) = postSolution
		{C29FD02B-BE42-464A-BA15-0ACB2FEC5FC2}.Debug|Any CPU.ActiveCfg = Debug|Any CPU
		{C29FD02B-BE42-464A-BA15-0ACB2FEC5FC2}.Debug|Any CPU.Build.0 = Debug|Any CPU
		{C29FD02B-BE42-464A-BA15-0ACB2FEC5FC2}.Release|Any CPU.ActiveCfg = Release|Any CPU
		{C29FD02B-BE42-464A-BA15-0ACB2FEC5FC2}.Release|Any CPU.Build.0 = Release|Any CPU
		{632C6953-9588-4371-9EDE-80BBCD728F13}.Debug|Any CPU.ActiveCfg = Debug|Any CPU
		{632C6953-9588-4371-9EDE-80BBCD728F13}.Debug|Any CPU.Build.0 = Debug|Any CPU
		{632C6953-9588-4371-9EDE-80BBCD728F13}.Release|Any CPU.ActiveCfg = Release|Any CPU
		{632C6953-9588-4371-9EDE-80BBCD728F13}.Release|Any CPU.Build.0 = Release|Any CPU
		{6FE1F4F6-9944-4820-9EDA-4DF307AC9E46}.Debug|Any CPU.ActiveCfg = Debug|Any CPU
		{6FE1F4F6-9944-4820-9EDA-4DF307AC9E46}.Debug|Any CPU.Build.0 = Debug|Any CPU
		{6FE1F4F6-9944-4820-9EDA-4DF307AC9E46}.Release|Any CPU.ActiveCfg = Release|Any CPU
		{6FE1F4F6-9944-4820-9EDA-4DF307AC9E46}.Release|Any CPU.Build.0 = Release|Any CPU
		{9FB1FC7E-E7C4-4D72-B4DB-58FA1CB94E18}.Debug|Any CPU.ActiveCfg = Debug|Any CPU
		{9FB1FC7E-E7C4-4D72-B4DB-58FA1CB94E18}.Debug|Any CPU.Build.0 = Debug|Any CPU
		{9FB1FC7E-E7C4-4D72-B4DB-58FA1CB94E18}.Release|Any CPU.ActiveCfg = Release|Any CPU
		{9FB1FC7E-E7C4-4D72-B4DB-58FA1CB94E18}.Release|Any CPU.Build.0 = Release|Any CPU
	EndGlobalSection
EndGlobal
